
Microsoft Visual Studio Solution File, Format Version 12.00
# Visual Studio 15
VisualStudioVersion = 15.0.27004.2005
MinimumVisualStudioVersion = 10.0.40219.1
Project("{9A19103F-16F7-4668-BE54-9A1E7A4F7556}") = "PasswordBox.Web", "PasswordBox.Web\PasswordBox.Web.csproj", "{818A4314-DA55-4AAB-8572-C614A6E746A0}"
EndProject
Project("{FAE04EC0-301F-11D3-BF4B-00C04F79EFBC}") = "PasswordBox.Core", "PasswordBox.Core\PasswordBox.Core.csproj", "{60495444-F16C-4556-8529-2B32B5A40756}"
EndProject
Project("{FAE04EC0-301F-11D3-BF4B-00C04F79EFBC}") = "PasswordBox.Application", "PasswordBox.Application\PasswordBox.Application.csproj", "{F602F2D6-4F5D-40D3-B16E-FFCDD66B800E}"
EndProject
Project("{FAE04EC0-301F-11D3-BF4B-00C04F79EFBC}") = "PasswordBox.Persistance", "PasswordBox.Persistance\PasswordBox.Persistance.csproj", "{CCD4D341-80BA-490A-9670-BA89FE792645}"
EndProject
Project("{FAE04EC0-301F-11D3-BF4B-00C04F79EFBC}") = "PasswordBox.Test", "PasswordBox.Test\PasswordBox.Test.csproj", "{9C0B6758-98E6-45E9-9610-35CB52F7D471}"
EndProject
Project("{FAE04EC0-301F-11D3-BF4B-00C04F79EFBC}") = "PasswordBox.Domain", "PasswordBox.Domain\PasswordBox.Domain.csproj", "{4E53EEC8-1171-4597-9387-F644FEEBC366}"
EndProject
Global
	GlobalSection(SolutionConfigurationPlatforms) = preSolution
		Debug|Any CPU = Debug|Any CPU
		Release|Any CPU = Release|Any CPU
	EndGlobalSection
	GlobalSection(ProjectConfigurationPlatforms) = postSolution
		{818A4314-DA55-4AAB-8572-C614A6E746A0}.Debug|Any CPU.ActiveCfg = Debug|Any CPU
		{818A4314-DA55-4AAB-8572-C614A6E746A0}.Debug|Any CPU.Build.0 = Debug|Any CPU
		{818A4314-DA55-4AAB-8572-C614A6E746A0}.Release|Any CPU.ActiveCfg = Release|Any CPU
		{818A4314-DA55-4AAB-8572-C614A6E746A0}.Release|Any CPU.Build.0 = Release|Any CPU
		{60495444-F16C-4556-8529-2B32B5A40756}.Debug|Any CPU.ActiveCfg = Debug|Any CPU
		{60495444-F16C-4556-8529-2B32B5A40756}.Debug|Any CPU.Build.0 = Debug|Any CPU
		{60495444-F16C-4556-8529-2B32B5A40756}.Release|Any CPU.ActiveCfg = Release|Any CPU
		{60495444-F16C-4556-8529-2B32B5A40756}.Release|Any CPU.Build.0 = Release|Any CPU
		{F602F2D6-4F5D-40D3-B16E-FFCDD66B800E}.Debug|Any CPU.ActiveCfg = Debug|Any CPU
		{F602F2D6-4F5D-40D3-B16E-FFCDD66B800E}.Debug|Any CPU.Build.0 = Debug|Any CPU
		{F602F2D6-4F5D-40D3-B16E-FFCDD66B800E}.Release|Any CPU.ActiveCfg = Release|Any CPU
		{F602F2D6-4F5D-40D3-B16E-FFCDD66B800E}.Release|Any CPU.Build.0 = Release|Any CPU
		{CCD4D341-80BA-490A-9670-BA89FE792645}.Debug|Any CPU.ActiveCfg = Debug|Any CPU
		{CCD4D341-80BA-490A-9670-BA89FE792645}.Debug|Any CPU.Build.0 = Debug|Any CPU
		{CCD4D341-80BA-490A-9670-BA89FE792645}.Release|Any CPU.ActiveCfg = Release|Any CPU
		{CCD4D341-80BA-490A-9670-BA89FE792645}.Release|Any CPU.Build.0 = Release|Any CPU
		{9C0B6758-98E6-45E9-9610-35CB52F7D471}.Debug|Any CPU.ActiveCfg = Debug|Any CPU
		{9C0B6758-98E6-45E9-9610-35CB52F7D471}.Debug|Any CPU.Build.0 = Debug|Any CPU
		{9C0B6758-98E6-45E9-9610-35CB52F7D471}.Release|Any CPU.ActiveCfg = Release|Any CPU
		{9C0B6758-98E6-45E9-9610-35CB52F7D471}.Release|Any CPU.Build.0 = Release|Any CPU
		{4E53EEC8-1171-4597-9387-F644FEEBC366}.Debug|Any CPU.ActiveCfg = Debug|Any CPU
		{4E53EEC8-1171-4597-9387-F644FEEBC366}.Debug|Any CPU.Build.0 = Debug|Any CPU
		{4E53EEC8-1171-4597-9387-F644FEEBC366}.Release|Any CPU.ActiveCfg = Release|Any CPU
		{4E53EEC8-1171-4597-9387-F644FEEBC366}.Release|Any CPU.Build.0 = Release|Any CPU
	EndGlobalSection
	GlobalSection(SolutionProperties) = preSolution
		HideSolutionNode = FALSE
	EndGlobalSection
	GlobalSection(ExtensibilityGlobals) = postSolution
		SolutionGuid = {71623A1D-922A-47BE-91D7-B5FA642FD200}
	EndGlobalSection
EndGlobal
